
Microsoft Visual Studio Solution File, Format Version 12.00
# Visual Studio Version 17
VisualStudioVersion = 17.14.36717.8 d17.14
MinimumVisualStudioVersion = 10.0.40219.1
Project("{FAE04EC0-301F-11D3-BF4B-00C04F79EFBC}") = "Sprint1_Project_ASP_NetCore_API", "Sprint1_Project_ASP_NetCore_API\Sprint1_Project_ASP_NetCore_API.csproj", "{DB076136-062B-4E3C-893A-156820016ACA}"
EndProject
Global
	GlobalSection(SolutionConfigurationPlatforms) = preSolution
		Debug|Any CPU = Debug|Any CPU
		Release|Any CPU = Release|Any CPU
	EndGlobalSection
	GlobalSection(ProjectConfigurationPlatforms) = postSolution
		{DB076136-062B-4E3C-893A-156820016ACA}.Debug|Any CPU.ActiveCfg = Debug|Any CPU
		{DB076136-062B-4E3C-893A-156820016ACA}.Debug|Any CPU.Build.0 = Debug|Any CPU
		{DB076136-062B-4E3C-893A-156820016ACA}.Release|Any CPU.ActiveCfg = Release|Any CPU
		{DB076136-062B-4E3C-893A-156820016ACA}.Release|Any CPU.Build.0 = Release|Any CPU
	EndGlobalSection
	GlobalSection(SolutionProperties) = preSolution
		HideSolutionNode = FALSE
	EndGlobalSection
	GlobalSection(ExtensibilityGlobals) = postSolution
		SolutionGuid = {AEEC30C4-F1E7-4B71-BE22-D28291FC6191}
	EndGlobalSection
EndGlobal
